
Microsoft Visual Studio Solution File, Format Version 12.00
# Visual Studio Version 17
VisualStudioVersion = 17.14.37012.4
MinimumVisualStudioVersion = 10.0.40219.1
Project("{FAE04EC0-301F-11D3-BF4B-00C04F79EFBC}") = "TaskMasterPRO", "TaskMasterPRO\TaskMasterPRO.csproj", "{49EACE01-B14A-42F8-9481-710B6CEE436D}"
EndProject
Project("{FAE04EC0-301F-11D3-BF4B-00C04F79EFBC}") = "TaskMasterPRO.Tests", "TaskMasterPRO.Tests\TaskMasterPRO.Tests.csproj", "{9C6C2972-D73F-4289-B7C7-4CDEDD2B9050}"
EndProject
Global
	GlobalSection(SolutionConfigurationPlatforms) = preSolution
		Debug|Any CPU = Debug|Any CPU
		Release|Any CPU = Release|Any CPU
	EndGlobalSection
	GlobalSection(ProjectConfigurationPlatforms) = postSolution
		{49EACE01-B14A-42F8-9481-710B6CEE436D}.Debug|Any CPU.ActiveCfg = Debug|Any CPU
		{49EACE01-B14A-42F8-9481-710B6CEE436D}.Debug|Any CPU.Build.0 = Debug|Any CPU
		{49EACE01-B14A-42F8-9481-710B6CEE436D}.Release|Any CPU.ActiveCfg = Release|Any CPU
		{49EACE01-B14A-42F8-9481-710B6CEE436D}.Release|Any CPU.Build.0 = Release|Any CPU
		{9C6C2972-D73F-4289-B7C7-4CDEDD2B9050}.Debug|Any CPU.ActiveCfg = Debug|Any CPU
		{9C6C2972-D73F-4289-B7C7-4CDEDD2B9050}.Debug|Any CPU.Build.0 = Debug|Any CPU
		{9C6C2972-D73F-4289-B7C7-4CDEDD2B9050}.Release|Any CPU.ActiveCfg = Release|Any CPU
		{9C6C2972-D73F-4289-B7C7-4CDEDD2B9050}.Release|Any CPU.Build.0 = Release|Any CPU
	EndGlobalSection
	GlobalSection(SolutionProperties) = preSolution
		HideSolutionNode = FALSE
	EndGlobalSection
	GlobalSection(ExtensibilityGlobals) = postSolution
		SolutionGuid = {FDB2A146-0DA7-4B34-9C2E-BEE688B68843}
	EndGlobalSection
EndGlobal
